
Microsoft Visual Studio Solution File, Format Version 12.00
# Visual Studio 16
Project("{FAE04EC0-301F-11D3-BF4B-00C04F79EFBC}") = "Assembly-CSharp", "Assembly-CSharp.csproj", "{8DC42C1E-BE21-DF09-2D65-F30227A7DA3A}"
EndProject
Project("{FAE04EC0-301F-11D3-BF4B-00C04F79EFBC}") = "Assembly-CSharp-Editor", "Assembly-CSharp-Editor.csproj", "{6F214EDE-9120-8EEF-9B8B-F6A5A9684895}"
EndProject
Global
	GlobalSection(SolutionConfigurationPlatforms) = preSolution
		Debug|Any CPU = Debug|Any CPU
		Release|Any CPU = Release|Any CPU
	EndGlobalSection
	GlobalSection(ProjectConfigurationPlatforms) = postSolution
		{8DC42C1E-BE21-DF09-2D65-F30227A7DA3A}.Debug|Any CPU.ActiveCfg = Debug|Any CPU
		{8DC42C1E-BE21-DF09-2D65-F30227A7DA3A}.Debug|Any CPU.Build.0 = Debug|Any CPU
		{8DC42C1E-BE21-DF09-2D65-F30227A7DA3A}.Release|Any CPU.ActiveCfg = Release|Any CPU
		{8DC42C1E-BE21-DF09-2D65-F30227A7DA3A}.Release|Any CPU.Build.0 = Release|Any CPU
		{6F214EDE-9120-8EEF-9B8B-F6A5A9684895}.Debug|Any CPU.ActiveCfg = Debug|Any CPU
		{6F214EDE-9120-8EEF-9B8B-F6A5A9684895}.Debug|Any CPU.Build.0 = Debug|Any CPU
		{6F214EDE-9120-8EEF-9B8B-F6A5A9684895}.Release|Any CPU.ActiveCfg = Release|Any CPU
		{6F214EDE-9120-8EEF-9B8B-F6A5A9684895}.Release|Any CPU.Build.0 = Release|Any CPU
	EndGlobalSection
	GlobalSection(SolutionProperties) = preSolution
		HideSolutionNode = FALSE
	EndGlobalSection
EndGlobal
